{
  "name": "test-actions",
  "version": "1.0.0",
  "lockfileVersion": 1,
  "requires": true,
  "dependencies": {
    "ajv": {
      "version": "6.12.6",
      "resolved": "https://yushunyun-npm.pkg.coding.net/ysc/npm/ajv/-/ajv-6.12.6/baf5a62e802b07d977034586f8c3baf5adf26df4.tgz",
      "integrity": "sha512-j3fVLgvTo527anyYyJOGTYJbG+vnnQYvE0m5mmkc1TK+nxAppkCLMIL0aZ4dblVCNoGShhm+kzE4ZUykBoMg4g==",
      "requires": {
        "fast-deep-equal": "^3.1.1",
        "fast-json-stable-stringify": "^2.0.0",
        "json-schema-traverse": "^0.4.1",
        "uri-js": "^4.2.2"
      }
    },
    "asn1": {
      "version": "0.2.6",
      "resolved": "https://yushunyun-npm.pkg.coding.net/ysc/npm/__tarballs/asn1/0.2.6/__path/asn1/-/asn1-0.2.6/0d3a7bb6e64e02a90c0303b31f292868ea09a08d.tgz",
      "integrity": "sha512-ix/FxPn0MDjeyJ7i/yoHGFt/EX6LyNbxSEhPPXODPL+KB0VPk86UYfL0lMdy+KCnv+fmvIzySwaK5COwqVbWTQ==",
      "requires": {
        "safer-buffer": "~2.1.0"
      }
    },
    "assert-plus": {
      "version": "1.0.0",
      "resolved": "https://yushunyun-npm.pkg.coding.net/ysc/npm/assert-plus/-/assert-plus-1.0.0/f12e0f3c5d77b0b1cdd9146942e4e96c1e4dd525.tgz",
      "integrity": "sha1-8S4PPF13sLHN2RRpQuTpbB5N1SU="
    },
    "asynckit": {
      "version": "0.4.0",
      "resolved": "https://yushunyun-npm.pkg.coding.net/ysc/npm/asynckit/-/asynckit-0.4.0/c79ed97f7f34cb8f2ba1bc9790bcc366474b4b79.tgz",
      "integrity": "sha1-x57Zf380y48robyXkLzDZkdLS3k="
    },
    "aws-sign2": {
      "version": "0.7.0",
      "resolved": "https://yushunyun-npm.pkg.coding.net/ysc/npm/aws-sign2/-/aws-sign2-0.7.0/b46e890934a9591f2d2f6f86d7e6a9f1b3fe76a8.tgz",
      "integrity": "sha1-tG6JCTSpWR8tL2+G1+ap8bP+dqg="
    },
    "aws4": {
      "version": "1.11.0",
      "resolved": "https://yushunyun-npm.pkg.coding.net/ysc/npm/__tarballs/aws4/1.11.0/__path/aws4/-/aws4-1.11.0/d61f46d83b2519250e2784daf5b09479a8b41c59.tgz",
      "integrity": "sha512-xh1Rl34h6Fi1DC2WWKfxUTVqRsNnr6LsKz2+hfwDxQJWmrx8+c7ylaqBMcHfl1U1r2dsifOvKX3LQuLNZ+XSvA=="
    },
    "bcrypt-pbkdf": {
      "version": "1.0.2",
      "resolved": "https://yushunyun-npm.pkg.coding.net/ysc/npm/__tarballs/bcrypt-pbkdf/1.0.2/__path/bcrypt-pbkdf/-/bcrypt-pbkdf-1.0.2/a4301d389b6a43f9b67ff3ca11a3f6637e360e9e.tgz",
      "integrity": "sha1-pDAdOJtqQ/m2f/PKEaP2Y342Dp4=",
      "requires": {
        "tweetnacl": "^0.14.3"
      }
    },
    "boolbase": {
      "version": "1.0.0",
      "resolved": "https://yushunyun-npm.pkg.coding.net/ysc/npm/boolbase/-/boolbase-1.0.0/68dff5fbe60c51eb37725ea9e3ed310dcc1e776e.tgz",
      "integrity": "sha1-aN/1++YMUes3cl6p4+0xDcwed24="
    },
    "caseless": {
      "version": "0.12.0",
      "resolved": "https://yushunyun-npm.pkg.coding.net/ysc/npm/caseless/-/caseless-0.12.0/1b681c21ff84033c826543090689420d187151dc.tgz",
      "integrity": "sha1-G2gcIf+EAzyCZUMJBolCDRhxUdw="
    },
    "cheerio": {
      "version": "1.0.0-rc.12",
      "resolved": "https://yushunyun-npm.pkg.coding.net/ysc/npm/cheerio/-/cheerio-1.0.0-rc.12/788bf7466506b1c6bf5fae51d24a2c4d62e47683.tgz",
      "integrity": "sha512-VqR8m68vM46BNnuZ5NtnGBKIE/DfN0cRIzg9n40EIq9NOv90ayxLBXA8fXC5gquFRGJSTRqBq25Jt2ECLR431Q==",
      "requires": {
        "cheerio-select": "^2.1.0",
        "dom-serializer": "^2.0.0",
        "domhandler": "^5.0.3",
        "domutils": "^3.0.1",
        "htmlparser2": "^8.0.1",
        "parse5": "^7.0.0",
        "parse5-htmlparser2-tree-adapter": "^7.0.0"
      }
    },
    "cheerio-select": {
      "version": "2.1.0",
      "resolved": "https://yushunyun-npm.pkg.coding.net/ysc/npm/__tarballs/cheerio-select/2.1.0/__path/cheerio-select/-/cheerio-select-2.1.0/4d8673286b8126ca2a8e42740d5e3c4884ae21b4.tgz",
      "integrity": "sha512-9v9kG0LvzrlcungtnJtpGNxY+fzECQKhK4EGJX2vByejiMX84MFNQw4UxPJl3bFbTMw+Dfs37XaIkCwTZfLh4g==",
      "requires": {
        "boolbase": "^1.0.0",
        "css-select": "^5.1.0",
        "css-what": "^6.1.0",
        "domelementtype": "^2.3.0",
        "domhandler": "^5.0.3",
        "domutils": "^3.0.1"
      }
    },
    "combined-stream": {
      "version": "1.0.8",
      "resolved": "https://yushunyun-npm.pkg.coding.net/ysc/npm/__tarballs/combined-stream/1.0.8/__path/combined-stream/-/combined-stream-1.0.8/c3d45a8b34fd730631a110a8a2520682b31d5a7f.tgz",
      "integrity": "sha512-FQN4MRfuJeHf7cBbBMJFXhKSDq+2kAArBlmRBvcvFE5BB1HZKXtSFASDhdlz9zOYwxh8lDdnvmMOe/+5cdoEdg==",
      "requires": {
        "delayed-stream": "~1.0.0"
      }
    },
    "core-util-is": {
      "version": "1.0.2",
      "resolved": "https://yushunyun-npm.pkg.coding.net/ysc/npm/core-util-is/-/core-util-is-1.0.2/b5fd54220aa2bc5ab57aab7140c940754503c1a7.tgz",
      "integrity": "sha1-tf1UIgqivFq1eqtxQMlAdUUDwac="
    },
    "css-select": {
      "version": "5.1.0",
      "resolved": "https://yushunyun-npm.pkg.coding.net/ysc/npm/__tarballs/css-select/5.1.0/__path/css-select/-/css-select-5.1.0/b8ebd6554c3637ccc76688804ad3f6a6fdaea8a6.tgz",
      "integrity": "sha512-nwoRF1rvRRnnCqqY7updORDsuqKzqYJ28+oSMaJMMgOauh3fvwHqMS7EZpIPqK8GL+g9mKxF1vP/ZjSeNjEVHg==",
      "requires": {
        "boolbase": "^1.0.0",
        "css-what": "^6.1.0",
        "domhandler": "^5.0.2",
        "domutils": "^3.0.1",
        "nth-check": "^2.0.1"
      }
    },
    "css-what": {
      "version": "6.1.0",
      "resolved": "https://yushunyun-npm.pkg.coding.net/ysc/npm/css-what/-/css-what-6.1.0/fb5effcf76f1ddea2c81bdfaa4de44e79bac70f4.tgz",
      "integrity": "sha512-HTUrgRJ7r4dsZKU6GjmpfRK1O76h97Z8MfS1G0FozR+oF2kG6Vfe8JE6zwrkbxigziPHinCJ+gCPjA9EaBDtRw=="
    },
    "dashdash": {
      "version": "1.14.1",
      "resolved": "https://yushunyun-npm.pkg.coding.net/ysc/npm/dashdash/-/dashdash-1.14.1/853cfa0f7cbe2fed5de20326b8dd581035f6e2f0.tgz",
      "integrity": "sha1-hTz6D3y+L+1d4gMmuN1YEDX24vA=",
      "requires": {
        "assert-plus": "^1.0.0"
      }
    },
    "dayjs": {
      "version": "1.11.4",
      "resolved": "https://yushunyun-npm.pkg.coding.net/ysc/npm/dayjs/-/dayjs-1.11.4/3b3c10ca378140d8917e06ebc13a4922af4f433e.tgz",
      "integrity": "sha512-Zj/lPM5hOvQ1Bf7uAvewDaUcsJoI6JmNqmHhHl3nyumwe0XHwt8sWdOVAPACJzCebL8gQCi+K49w7iKWnGwX9g=="
    },
    "delayed-stream": {
      "version": "1.0.0",
      "resolved": "https://yushunyun-npm.pkg.coding.net/ysc/npm/delayed-stream/-/delayed-stream-1.0.0/df3ae199acadfb7d440aaae0b29e2272b24ec619.tgz",
      "integrity": "sha1-3zrhmayt+31ECqrgsp4icrJOxhk="
    },
    "dom-serializer": {
      "version": "2.0.0",
      "resolved": "https://yushunyun-npm.pkg.coding.net/ysc/npm/__tarballs/dom-serializer/2.0.0/__path/dom-serializer/-/dom-serializer-2.0.0/e41b802e1eedf9f6cae183ce5e622d789d7d8e53.tgz",
      "integrity": "sha512-wIkAryiqt/nV5EQKqQpo3SToSOV9J0DnbJqwK7Wv/Trc92zIAYZ4FlMu+JPFW1DfGFt81ZTCGgDEabffXeLyJg==",
      "requires": {
        "domelementtype": "^2.3.0",
        "domhandler": "^5.0.2",
        "entities": "^4.2.0"
      }
    },
    "domelementtype": {
      "version": "2.3.0",
      "resolved": "https://yushunyun-npm.pkg.coding.net/ysc/npm/domelementtype/-/domelementtype-2.3.0/5c45e8e869952626331d7aab326d01daf65d589d.tgz",
      "integrity": "sha512-OLETBj6w0OsagBwdXnPdN0cnMfF9opN69co+7ZrbfPGrdpPVNBUj02spi6B1N7wChLQiPn4CSH/zJvXw56gmHw=="
    },
    "domhandler": {
      "version": "5.0.3",
      "resolved": "https://yushunyun-npm.pkg.coding.net/ysc/npm/__tarballs/domhandler/5.0.3/__path/domhandler/-/domhandler-5.0.3/cc385f7f751f1d1fc650c21374804254538c7d31.tgz",
      "integrity": "sha512-cgwlv/1iFQiFnU96XXgROh8xTeetsnJiDsTc7TYCLFd9+/WNkIqPTxiM/8pSd8VIrhXGTf1Ny1q1hquVqDJB5w==",
      "requires": {
        "domelementtype": "^2.3.0"
      }
    },
    "domutils": {
      "version": "3.0.1",
      "resolved": "https://yushunyun-npm.pkg.coding.net/ysc/npm/__tarballs/domutils/3.0.1/__path/domutils/-/domutils-3.0.1/696b3875238338cb186b6c0612bd4901c89a4f1c.tgz",
      "integrity": "sha512-z08c1l761iKhDFtfXO04C7kTdPBLi41zwOZl00WS8b5eiaebNpY00HKbztwBq+e3vyqWNwWF3mP9YLUeqIrF+Q==",
      "requires": {
        "dom-serializer": "^2.0.0",
        "domelementtype": "^2.3.0",
        "domhandler": "^5.0.1"
      }
    },
    "ecc-jsbn": {
      "version": "0.1.2",
      "resolved": "https://yushunyun-npm.pkg.coding.net/ysc/npm/ecc-jsbn/-/ecc-jsbn-0.1.2/3a83a904e54353287874c564b7549386849a98c9.tgz",
      "integrity": "sha1-OoOpBOVDUyh4dMVkt1SThoSamMk=",
      "requires": {
        "jsbn": "~0.1.0",
        "safer-buffer": "^2.1.0"
      }
    },
    "entities": {
      "version": "4.3.1",
      "resolved": "https://yushunyun-npm.pkg.coding.net/ysc/npm/entities/-/entities-4.3.1/c34062a94c865c322f9d67b4384e4169bcede6a4.tgz",
      "integrity": "sha512-o4q/dYJlmyjP2zfnaWDUC6A3BQFmVTX+tZPezK7k0GLSU9QYCauscf5Y+qcEPzKL+EixVouYDgLQK5H9GrLpkg=="
    },
    "extend": {
      "version": "3.0.2",
      "resolved": "https://yushunyun-npm.pkg.coding.net/ysc/npm/extend/-/extend-3.0.2/f8b1136b4071fbd8eb140aff858b1019ec2915fa.tgz",
      "integrity": "sha512-fjquC59cD7CyW6urNXK0FBufkZcoiGG80wTuPujX590cB5Ttln20E2UB4S/WARVqhXffZl2LNgS+gQdPIIim/g=="
    },
    "extsprintf": {
      "version": "1.3.0",
      "resolved": "https://yushunyun-npm.pkg.coding.net/ysc/npm/extsprintf/-/extsprintf-1.3.0/96918440e3041a7a414f8c52e3c574eb3c3e1e05.tgz",
      "integrity": "sha1-lpGEQOMEGnpBT4xS48V06zw+HgU="
    },
    "fast-deep-equal": {
      "version": "3.1.3",
      "resolved": "https://yushunyun-npm.pkg.coding.net/ysc/npm/fast-deep-equal/-/fast-deep-equal-3.1.3/3a7d56b559d6cbc3eb512325244e619a65c6c525.tgz",
      "integrity": "sha512-f3qQ9oQy9j2AhBe/H9VC91wLmKBCCU/gDOnKNAYG5hswO7BLKj09Hc5HYNz9cGI++xlpDCIgDaitVs03ATR84Q=="
    },
    "fast-json-stable-stringify": {
      "version": "2.1.0",
      "resolved": "https://yushunyun-npm.pkg.coding.net/ysc/npm/fast-json-stable-stringify/-/fast-json-stable-stringify-2.1.0/874bf69c6f404c2b5d99c481341399fd55892633.tgz",
      "integrity": "sha512-lhd/wF+Lk98HZoTCtlVraHtfh5XYijIjalXck7saUtuanSDyLMxnHhSXEDJqHxD7msR8D0uCmqlkwjCV8xvwHw=="
    },
    "forever-agent": {
      "version": "0.6.1",
      "resolved": "https://yushunyun-npm.pkg.coding.net/ysc/npm/forever-agent/-/forever-agent-0.6.1/fbc71f0c41adeb37f96c577ad1ed42d8fdacca91.tgz",
      "integrity": "sha1-+8cfDEGt6zf5bFd60e1C2P2sypE="
    },
    "form-data": {
      "version": "2.3.3",
      "resolved": "https://yushunyun-npm.pkg.coding.net/ysc/npm/__tarballs/form-data/2.3.3/__path/form-data/-/form-data-2.3.3/dcce52c05f644f298c6a7ab936bd724ceffbf3a6.tgz",
      "integrity": "sha512-1lLKB2Mu3aGP1Q/2eCOx0fNbRMe7XdwktwOruhfqqd0rIJWwN4Dh+E3hrPSlDCXnSR7UtZ1N38rVXm+6+MEhJQ==",
      "requires": {
        "asynckit": "^0.4.0",
        "combined-stream": "^1.0.6",
        "mime-types": "^2.1.12"
      }
    },
    "fs-extra": {
      "version": "10.1.0",
      "resolved": "https://yushunyun-npm.pkg.coding.net/ysc/npm/fs-extra/-/fs-extra-10.1.0/02873cfbc4084dde127eaa5f9905eef2325d1abf.tgz",
      "integrity": "sha512-oRXApq54ETRj4eMiFzGnHWGy+zo5raudjuxN0b8H7s/RU2oW0Wvsx9O0ACRN/kRq9E8Vu/ReskGB5o3ji+FzHQ==",
      "requires": {
        "graceful-fs": "^4.2.0",
        "jsonfile": "^6.0.1",
        "universalify": "^2.0.0"
      }
    },
    "getpass": {
      "version": "0.1.7",
      "resolved": "https://yushunyun-npm.pkg.coding.net/ysc/npm/getpass/-/getpass-0.1.7/5eff8e3e684d569ae4cb2b1282604e8ba62149fa.tgz",
      "integrity": "sha1-Xv+OPmhNVprkyysSgmBOi6YhSfo=",
      "requires": {
        "assert-plus": "^1.0.0"
      }
    },
    "graceful-fs": {
      "version": "4.2.10",
      "resolved": "https://yushunyun-npm.pkg.coding.net/ysc/npm/graceful-fs/-/graceful-fs-4.2.10/147d3a006da4ca3ce14728c7aefc287c367d7a6c.tgz",
      "integrity": "sha512-9ByhssR2fPVsNZj478qUUbKfmL0+t5BDVyjShtyZZLiK7ZDAArFFfopyOTj0M05wE2tJPisA4iTnnXl2YoPvOA=="
    },
    "har-schema": {
      "version": "2.0.0",
      "resolved": "https://yushunyun-npm.pkg.coding.net/ysc/npm/har-schema/-/har-schema-2.0.0/a94c2224ebcac04782a0d9035521f24735b7ec92.tgz",
      "integrity": "sha1-qUwiJOvKwEeCoNkDVSHyRzW37JI="
    },
    "har-validator": {
      "version": "5.1.5",
      "resolved": "https://yushunyun-npm.pkg.coding.net/ysc/npm/__tarballs/har-validator/5.1.5/__path/har-validator/-/har-validator-5.1.5/1f0803b9f8cb20c0fa13822df1ecddb36bde1efd.tgz",
      "integrity": "sha512-nmT2T0lljbxdQZfspsno9hgrG3Uir6Ks5afism62poxqBM6sDnMEuPmzTq8XN0OEwqKLLdh1jQI3qyE66Nzb3w==",
      "requires": {
        "ajv": "^6.12.3",
        "har-schema": "^2.0.0"
      }
    },
    "htmlparser2": {
      "version": "8.0.1",
      "resolved": "https://yushunyun-npm.pkg.coding.net/ysc/npm/__tarballs/htmlparser2/8.0.1/__path/htmlparser2/-/htmlparser2-8.0.1/abaa985474fcefe269bc761a779b544d7196d010.tgz",
      "integrity": "sha512-4lVbmc1diZC7GUJQtRQ5yBAeUCL1exyMwmForWkRLnwyzWBFxN633SALPMGYaWZvKe9j1pRZJpauvmxENSp/EA==",
      "requires": {
        "domelementtype": "^2.3.0",
        "domhandler": "^5.0.2",
        "domutils": "^3.0.1",
        "entities": "^4.3.0"
      }
    },
    "http-signature": {
      "version": "1.2.0",
      "resolved": "https://yushunyun-npm.pkg.coding.net/ysc/npm/http-signature/-/http-signature-1.2.0/9aecd925114772f3d95b65a60abb8f7c18fbace1.tgz",
      "integrity": "sha1-muzZJRFHcvPZW2WmCruPfBj7rOE=",
      "requires": {
        "assert-plus": "^1.0.0",
        "jsprim": "^1.2.2",
        "sshpk": "^1.7.0"
      }
    },
    "inherits": {
      "version": "2.0.3",
      "resolved": "https://yushunyun-npm.pkg.coding.net/ysc/npm/inherits/-/inherits-2.0.3/633c2c83e3da42a502f52466022480f4208261de.tgz",
      "integrity": "sha1-Yzwsg+PaQqUC9SRmAiSA9CCCYd4="
    },
    "is-typedarray": {
      "version": "1.0.0",
      "resolved": "https://yushunyun-npm.pkg.coding.net/ysc/npm/is-typedarray/-/is-typedarray-1.0.0/e479c80858df0c1b11ddda6940f96011fcda4a9a.tgz",
      "integrity": "sha1-5HnICFjfDBsR3dppQPlgEfzaSpo="
    },
    "isstream": {
      "version": "0.1.2",
      "resolved": "https://yushunyun-npm.pkg.coding.net/ysc/npm/isstream/-/isstream-0.1.2/47e63f7af55afa6f92e1500e690eb8b8529c099a.tgz",
      "integrity": "sha1-R+Y/evVa+m+S4VAOaQ64uFKcCZo="
    },
    "jsbn": {
      "version": "0.1.1",
      "resolved": "https://yushunyun-npm.pkg.coding.net/ysc/npm/jsbn/-/jsbn-0.1.1/a5e654c2e5a2deb5f201d96cefbca80c0ef2f513.tgz",
      "integrity": "sha1-peZUwuWi3rXyAdls77yoDA7y9RM="
    },
    "json-schema": {
      "version": "0.4.0",
      "resolved": "https://yushunyun-npm.pkg.coding.net/ysc/npm/__tarballs/json-schema/0.4.0/__path/json-schema/-/json-schema-0.4.0/f7de4cf6efab838ebaeb3236474cbba5a1930ab5.tgz",
      "integrity": "sha512-es94M3nTIfsEPisRafak+HDLfHXnKBhV3vU5eqPcS3flIWqcxJWgXHXiey3YrpaNsanY5ei1VoYEbOzijuq9BA=="
    },
    "json-schema-traverse": {
      "version": "0.4.1",
      "resolved": "https://yushunyun-npm.pkg.coding.net/ysc/npm/json-schema-traverse/-/json-schema-traverse-0.4.1/69f6a87d9513ab8bb8fe63bdb0979c448e684660.tgz",
      "integrity": "sha512-xbbCH5dCYU5T8LcEhhuh7HJ88HXuW3qsI3Y0zOZFKfZEHcpWiHU/Jxzk629Brsab/mMiHQti9wMP+845RPe3Vg=="
    },
    "json-stringify-safe": {
      "version": "5.0.1",
      "resolved": "https://yushunyun-npm.pkg.coding.net/ysc/npm/json-stringify-safe/-/json-stringify-safe-5.0.1/1296a2d58fd45f19a0f6ce01d65701e2c735b6eb.tgz",
      "integrity": "sha1-Epai1Y/UXxmg9s4B1lcB4sc1tus="
    },
    "jsonfile": {
      "version": "6.1.0",
      "resolved": "https://yushunyun-npm.pkg.coding.net/ysc/npm/jsonfile/-/jsonfile-6.1.0/bc55b2634793c679ec6403094eb13698a6ec0aae.tgz",
      "integrity": "sha512-5dgndWOriYSm5cnYaJNhalLNDKOqFwyDB/rr1E9ZsGciGvKPs8R2xYGCacuf3z6K1YKDz182fd+fY3cn3pMqXQ==",
      "requires": {
        "graceful-fs": "^4.1.6",
        "universalify": "^2.0.0"
      }
    },
    "jsprim": {
      "version": "1.4.2",
      "resolved": "https://yushunyun-npm.pkg.coding.net/ysc/npm/__tarballs/jsprim/1.4.2/__path/jsprim/-/jsprim-1.4.2/712c65533a15c878ba59e9ed5f0e26d5b77c5feb.tgz",
      "integrity": "sha512-P2bSOMAc/ciLz6DzgjVlGJP9+BrJWu5UDGK70C2iweC5QBIeFf0ZXRvGjEj2uYgrY2MkAAhsSWHDWlFtEroZWw==",
      "requires": {
        "assert-plus": "1.0.0",
        "extsprintf": "1.3.0",
        "json-schema": "0.4.0",
        "verror": "1.10.0"
      }
    },
    "mime-db": {
      "version": "1.52.0",
      "resolved": "https://yushunyun-npm.pkg.coding.net/ysc/npm/mime-db/-/mime-db-1.52.0/bbabcdc02859f4987301c856e3387ce5ec43bf70.tgz",
      "integrity": "sha512-sPU4uV7dYlvtWJxwwxHD0PuihVNiE7TyAbQ5SWxDCB9mUYvOgroQOwYQQOKPJ8CIbE+1ETVlOoK1UC2nU3gYvg=="
    },
    "mime-types": {
      "version": "2.1.35",
      "resolved": "https://yushunyun-npm.pkg.coding.net/ysc/npm/mime-types/-/mime-types-2.1.35/381a871b62a734450660ae3deee44813f70d959a.tgz",
      "integrity": "sha512-ZDY+bPm5zTTF+YpCrAU9nK0UgICYPT0QtT1NZWFv4s++TNkcgVaT0g6+4R2uI4MjQjzysHB1zxuWL50hzaeXiw==",
      "requires": {
        "mime-db": "1.52.0"
      }
    },
    "nth-check": {
      "version": "2.1.1",
      "resolved": "https://yushunyun-npm.pkg.coding.net/ysc/npm/nth-check/-/nth-check-2.1.1/c9eab428effce36cd6b92c924bdb000ef1f1ed1d.tgz",
      "integrity": "sha512-lqjrjmaOoAnWfMmBPL+XNnynZh2+swxiX3WUE0s4yEHI6m+AwrK2UZOimIRl3X/4QctVqS8AiZjFqyOGrMXb/w==",
      "requires": {
        "boolbase": "^1.0.0"
      }
    },
    "oauth-sign": {
      "version": "0.9.0",
      "resolved": "https://yushunyun-npm.pkg.coding.net/ysc/npm/oauth-sign/-/oauth-sign-0.9.0/47a7b016baa68b5fa0ecf3dee08a85c679ac6455.tgz",
      "integrity": "sha512-fexhUFFPTGV8ybAtSIGbV6gOkSv8UtRbDBnAyLQw4QPKkgNlsH2ByPGtMUqdWkos6YCRmAqViwgZrJc/mRDzZQ=="
    },
    "parse5": {
      "version": "7.0.0",
      "resolved": "https://yushunyun-npm.pkg.coding.net/ysc/npm/__tarballs/parse5/7.0.0/__path/parse5/-/parse5-7.0.0/51f74a5257f5fcc536389e8c2d0b3802e1bfa91a.tgz",
      "integrity": "sha512-y/t8IXSPWTuRZqXc0ajH/UwDj4mnqLEbSttNbThcFhGrZuOyoyvNBO85PBp2jQa55wY9d07PBNjsK8ZP3K5U6g==",
      "requires": {
        "entities": "^4.3.0"
      }
    },
    "parse5-htmlparser2-tree-adapter": {
      "version": "7.0.0",
      "resolved": "https://yushunyun-npm.pkg.coding.net/ysc/npm/__tarballs/parse5-htmlparser2-tree-adapter/7.0.0/__path/parse5-htmlparser2-tree-adapter/-/parse5-htmlparser2-tree-adapter-7.0.0/23c2cc233bcf09bb7beba8b8a69d46b08c62c2f1.tgz",
      "integrity": "sha512-B77tOZrqqfUfnVcOrUvfdLbz4pu4RopLD/4vmu3HUPswwTA8OH0EMW9BlWR2B0RCoiZRAHEUu7IxeP1Pd1UU+g==",
      "requires": {
        "domhandler": "^5.0.2",
        "parse5": "^7.0.0"
      }
    },
    "path": {
      "version": "0.12.7",
      "resolved": "https://yushunyun-npm.pkg.coding.net/ysc/npm/__tarballs/path/0.12.7/__path/path/-/path-0.12.7/d4dc2a506c4ce2197eb481ebfcd5b36c0140b10f.tgz",
      "integrity": "sha1-1NwqUGxM4hl+tIHr/NWzbAFAsQ8=",
      "requires": {
        "process": "^0.11.1",
        "util": "^0.10.3"
      }
    },
    "performance-now": {
      "version": "2.1.0",
      "resolved": "https://yushunyun-npm.pkg.coding.net/ysc/npm/performance-now/-/performance-now-2.1.0/6309f4e0e5fa913ec1c69307ae364b4b377c9e7b.tgz",
      "integrity": "sha1-Ywn04OX6kT7BxpMHrjZLSzd8nns="
    },
    "process": {
      "version": "0.11.10",
      "resolved": "https://yushunyun-npm.pkg.coding.net/ysc/npm/process/-/process-0.11.10/7332300e840161bda3e69a1d1d91a7d4bc16f182.tgz",
      "integrity": "sha1-czIwDoQBYb2j5podHZGn1LwW8YI="
    },
    "psl": {
      "version": "1.9.0",
      "resolved": "https://yushunyun-npm.pkg.coding.net/ysc/npm/psl/-/psl-1.9.0/d0df2a137f00794565fcaf3b2c00cd09f8d5a5a7.tgz",
      "integrity": "sha512-E/ZsdU4HLs/68gYzgGTkMicWTLPdAftJLfJFlLUAAKZGkStNU72sZjT66SnMDVOfOWY/YAoiD7Jxa9iHvngcag=="
    },
    "punycode": {
      "version": "2.1.1",
      "resolved": "https://yushunyun-npm.pkg.coding.net/ysc/npm/punycode/-/punycode-2.1.1/b58b010ac40c22c5657616c8d2c2c02c7bf479ec.tgz",
      "integrity": "sha512-XRsRjdf+j5ml+y/6GKHPZbrF/8p2Yga0JPtdqTIY2Xe5ohJPD9saDJJLPvp9+NSBprVvevdXZybnj2cv8OEd0A=="
    },
    "qs": {
      "version": "6.5.3",
      "resolved": "https://yushunyun-npm.pkg.coding.net/ysc/npm/__tarballs/qs/6.5.3/__path/qs/-/qs-6.5.3/3aeeffc91967ef6e35c0e488ef46fb296ab76aad.tgz",
      "integrity": "sha512-qxXIEh4pCGfHICj1mAJQ2/2XVZkjCDTcEgfoSQxc/fYivUZxTkk7L3bDBJSoNrEzXI17oUO5Dp07ktqE5KzczA=="
    },
    "request": {
      "version": "2.88.2",
      "resolved": "https://yushunyun-npm.pkg.coding.net/ysc/npm/__tarballs/request/2.88.2/__path/request/-/request-2.88.2/d73c918731cb5a87da047e207234146f664d12b3.tgz",
      "integrity": "sha512-MsvtOrfG9ZcrOwAW+Qi+F6HbD0CWXEh9ou77uOb7FM2WPhwT7smM833PzanhJLsgXjN89Ir6V2PczXNnMpwKhw==",
      "requires": {
        "aws-sign2": "~0.7.0",
        "aws4": "^1.8.0",
        "caseless": "~0.12.0",
        "combined-stream": "~1.0.6",
        "extend": "~3.0.2",
        "forever-agent": "~0.6.1",
        "form-data": "~2.3.2",
        "har-validator": "~5.1.3",
        "http-signature": "~1.2.0",
        "is-typedarray": "~1.0.0",
        "isstream": "~0.1.2",
        "json-stringify-safe": "~5.0.1",
        "mime-types": "~2.1.19",
        "oauth-sign": "~0.9.0",
        "performance-now": "^2.1.0",
        "qs": "~6.5.2",
        "safe-buffer": "^5.1.2",
        "tough-cookie": "~2.5.0",
        "tunnel-agent": "^0.6.0",
        "uuid": "^3.3.2"
      }
    },
    "safe-buffer": {
      "version": "5.2.1",
      "resolved": "https://yushunyun-npm.pkg.coding.net/ysc/npm/safe-buffer/-/safe-buffer-5.2.1/1eaf9fa9bdb1fdd4ec75f58f9cdb4e6b7827eec6.tgz",
      "integrity": "sha512-rp3So07KcdmmKbGvgaNxQSJr7bGVSVk5S9Eq1F+ppbRo70+YeaDxkw5Dd8NPN+GD6bjnYm2VuPuCXmpuYvmCXQ=="
    },
    "safer-buffer": {
      "version": "2.1.2",
      "resolved": "https://yushunyun-npm.pkg.coding.net/ysc/npm/safer-buffer/-/safer-buffer-2.1.2/44fa161b0187b9549dd84bb91802f9bd8385cd6a.tgz",
      "integrity": "sha512-YZo3K82SD7Riyi0E1EQPojLz7kpepnSQI9IyPbHHg1XXXevb5dJI7tpyN2ADxGcQbHG7vcyRHk0cbwqcQriUtg=="
    },
    "sshpk": {
      "version": "1.17.0",
      "resolved": "https://yushunyun-npm.pkg.coding.net/ysc/npm/__tarballs/sshpk/1.17.0/__path/sshpk/-/sshpk-1.17.0/578082d92d4fe612b13007496e543fa0fbcbe4c5.tgz",
      "integrity": "sha512-/9HIEs1ZXGhSPE8X6Ccm7Nam1z8KcoCqPdI7ecm1N33EzAetWahvQWVqLZtaZQ+IDKX4IyA2o0gBzqIMkAagHQ==",
      "requires": {
        "asn1": "~0.2.3",
        "assert-plus": "^1.0.0",
        "bcrypt-pbkdf": "^1.0.0",
        "dashdash": "^1.12.0",
        "ecc-jsbn": "~0.1.1",
        "getpass": "^0.1.1",
        "jsbn": "~0.1.0",
        "safer-buffer": "^2.0.2",
        "tweetnacl": "~0.14.0"
      }
    },
    "tough-cookie": {
      "version": "2.5.0",
      "resolved": "https://yushunyun-npm.pkg.coding.net/ysc/npm/__tarballs/tough-cookie/2.5.0/__path/tough-cookie/-/tough-cookie-2.5.0/cd9fb2a0aa1d5a12b473bd9fb96fa3dcff65ade2.tgz",
      "integrity": "sha512-nlLsUzgm1kfLXSXfRZMc1KLAugd4hqJHDTvc2hDIwS3mZAfMEuMbc03SujMF+GEcpaX/qboeycw6iO8JwVv2+g==",
      "requires": {
        "psl": "^1.1.28",
        "punycode": "^2.1.1"
      }
    },
    "tunnel-agent": {
      "version": "0.6.0",
      "resolved": "https://yushunyun-npm.pkg.coding.net/ysc/npm/tunnel-agent/-/tunnel-agent-0.6.0/27a5dea06b36b04a0a9966774b290868f0fc40fd.tgz",
      "integrity": "sha1-J6XeoGs2sEoKmWZ3SykIaPD8QP0=",
      "requires": {
        "safe-buffer": "^5.0.1"
      }
    },
    "tweetnacl": {
      "version": "0.14.5",
      "resolved": "https://yushunyun-npm.pkg.coding.net/ysc/npm/tweetnacl/-/tweetnacl-0.14.5/5ae68177f192d4456269d108afa93ff8743f4f64.tgz",
      "integrity": "sha1-WuaBd/GS1EViadEIr6k/+HQ/T2Q="
    },
    "universalify": {
      "version": "2.0.0",
      "resolved": "https://yushunyun-npm.pkg.coding.net/ysc/npm/universalify/-/universalify-2.0.0/75a4984efedc4b08975c5aeb73f530d02df25717.tgz",
      "integrity": "sha512-hAZsKq7Yy11Zu1DE0OzWjw7nnLZmJZYTDZZyEFHZdUhV8FkH5MCfoU1XMaxXovpyW5nq5scPqq0ZDP9Zyl04oQ=="
    },
    "uri-js": {
      "version": "4.4.1",
      "resolved": "https://yushunyun-npm.pkg.coding.net/ysc/npm/uri-js/-/uri-js-4.4.1/9b1a52595225859e55f669d928f88c6c57f2a77e.tgz",
      "integrity": "sha512-7rKUyy33Q1yc98pQ1DAmLtwX109F7TIfWlW1Ydo8Wl1ii1SeHieeh0HHfPeL2fMXK6z0s8ecKs9frCuLJvndBg==",
      "requires": {
        "punycode": "^2.1.0"
      }
    },
    "util": {
      "version": "0.10.4",
      "resolved": "https://yushunyun-npm.pkg.coding.net/ysc/npm/__tarballs/util/0.10.4/__path/util/-/util-0.10.4/3aa0125bfe668a4672de58857d3ace27ecb76901.tgz",
      "integrity": "sha512-0Pm9hTQ3se5ll1XihRic3FDIku70C+iHUdT/W926rSgHV5QgXsYbKZN8MSC3tJtSkhuROzvsQjAaFENRXr+19A==",
      "requires": {
        "inherits": "2.0.3"
      }
    },
    "uuid": {
      "version": "3.4.0",
      "resolved": "https://yushunyun-npm.pkg.coding.net/ysc/npm/__tarballs/uuid/3.4.0/__path/uuid/-/uuid-3.4.0/b23e4358afa8a202fe7a100af1f5f883f02007ee.tgz",
      "integrity": "sha512-HjSDRw6gZE5JMggctHBcjVak08+KEVhSIiDzFnT9S9aegmp85S/bReBVTb4QTFaRNptJ9kuYaNhnbNEOkbKb/A=="
    },
    "verror": {
      "version": "1.10.0",
      "resolved": "https://yushunyun-npm.pkg.coding.net/ysc/npm/verror/-/verror-1.10.0/3a105ca17053af55d6e270c1f8288682e18da400.tgz",
      "integrity": "sha1-OhBcoXBTr1XW4nDB+CiGguGNpAA=",
      "requires": {
        "assert-plus": "^1.0.0",
        "core-util-is": "1.0.2",
        "extsprintf": "^1.2.0"
      }
    }
  }
}
