{
  "requires": true,
  "lockfileVersion": 1,
  "dependencies": {
    "boolbase": {
      "version": "1.0.0",
      "resolved": "https://yushunyun-npm.pkg.coding.net/ysc/npm/boolbase/-/boolbase-1.0.0/68dff5fbe60c51eb37725ea9e3ed310dcc1e776e.tgz",
      "integrity": "sha1-aN/1++YMUes3cl6p4+0xDcwed24="
    },
    "cheerio": {
      "version": "1.0.0-rc.12",
      "resolved": "https://yushunyun-npm.pkg.coding.net/ysc/npm/cheerio/-/cheerio-1.0.0-rc.12/788bf7466506b1c6bf5fae51d24a2c4d62e47683.tgz",
      "integrity": "sha512-VqR8m68vM46BNnuZ5NtnGBKIE/DfN0cRIzg9n40EIq9NOv90ayxLBXA8fXC5gquFRGJSTRqBq25Jt2ECLR431Q==",
      "requires": {
        "cheerio-select": "^2.1.0",
        "dom-serializer": "^2.0.0",
        "domhandler": "^5.0.3",
        "domutils": "^3.0.1",
        "htmlparser2": "^8.0.1",
        "parse5": "^7.0.0",
        "parse5-htmlparser2-tree-adapter": "^7.0.0"
      }
    },
    "cheerio-select": {
      "version": "2.1.0",
      "resolved": "https://yushunyun-npm.pkg.coding.net/ysc/npm/__tarballs/cheerio-select/2.1.0/__path/cheerio-select/-/cheerio-select-2.1.0/4d8673286b8126ca2a8e42740d5e3c4884ae21b4.tgz",
      "integrity": "sha512-9v9kG0LvzrlcungtnJtpGNxY+fzECQKhK4EGJX2vByejiMX84MFNQw4UxPJl3bFbTMw+Dfs37XaIkCwTZfLh4g==",
      "requires": {
        "boolbase": "^1.0.0",
        "css-select": "^5.1.0",
        "css-what": "^6.1.0",
        "domelementtype": "^2.3.0",
        "domhandler": "^5.0.3",
        "domutils": "^3.0.1"
      }
    },
    "css-select": {
      "version": "5.1.0",
      "resolved": "https://yushunyun-npm.pkg.coding.net/ysc/npm/__tarballs/css-select/5.1.0/__path/css-select/-/css-select-5.1.0/b8ebd6554c3637ccc76688804ad3f6a6fdaea8a6.tgz",
      "integrity": "sha512-nwoRF1rvRRnnCqqY7updORDsuqKzqYJ28+oSMaJMMgOauh3fvwHqMS7EZpIPqK8GL+g9mKxF1vP/ZjSeNjEVHg==",
      "requires": {
        "boolbase": "^1.0.0",
        "css-what": "^6.1.0",
        "domhandler": "^5.0.2",
        "domutils": "^3.0.1",
        "nth-check": "^2.0.1"
      }
    },
    "css-what": {
      "version": "6.1.0",
      "resolved": "https://yushunyun-npm.pkg.coding.net/ysc/npm/css-what/-/css-what-6.1.0/fb5effcf76f1ddea2c81bdfaa4de44e79bac70f4.tgz",
      "integrity": "sha512-HTUrgRJ7r4dsZKU6GjmpfRK1O76h97Z8MfS1G0FozR+oF2kG6Vfe8JE6zwrkbxigziPHinCJ+gCPjA9EaBDtRw=="
    },
    "dayjs": {
      "version": "1.11.4",
      "resolved": "https://yushunyun-npm.pkg.coding.net/ysc/npm/dayjs/-/dayjs-1.11.4/3b3c10ca378140d8917e06ebc13a4922af4f433e.tgz",
      "integrity": "sha512-Zj/lPM5hOvQ1Bf7uAvewDaUcsJoI6JmNqmHhHl3nyumwe0XHwt8sWdOVAPACJzCebL8gQCi+K49w7iKWnGwX9g=="
    },
    "dom-serializer": {
      "version": "2.0.0",
      "resolved": "https://yushunyun-npm.pkg.coding.net/ysc/npm/__tarballs/dom-serializer/2.0.0/__path/dom-serializer/-/dom-serializer-2.0.0/e41b802e1eedf9f6cae183ce5e622d789d7d8e53.tgz",
      "integrity": "sha512-wIkAryiqt/nV5EQKqQpo3SToSOV9J0DnbJqwK7Wv/Trc92zIAYZ4FlMu+JPFW1DfGFt81ZTCGgDEabffXeLyJg==",
      "requires": {
        "domelementtype": "^2.3.0",
        "domhandler": "^5.0.2",
        "entities": "^4.2.0"
      }
    },
    "domelementtype": {
      "version": "2.3.0",
      "resolved": "https://yushunyun-npm.pkg.coding.net/ysc/npm/domelementtype/-/domelementtype-2.3.0/5c45e8e869952626331d7aab326d01daf65d589d.tgz",
      "integrity": "sha512-OLETBj6w0OsagBwdXnPdN0cnMfF9opN69co+7ZrbfPGrdpPVNBUj02spi6B1N7wChLQiPn4CSH/zJvXw56gmHw=="
    },
    "domhandler": {
      "version": "5.0.3",
      "resolved": "https://yushunyun-npm.pkg.coding.net/ysc/npm/__tarballs/domhandler/5.0.3/__path/domhandler/-/domhandler-5.0.3/cc385f7f751f1d1fc650c21374804254538c7d31.tgz",
      "integrity": "sha512-cgwlv/1iFQiFnU96XXgROh8xTeetsnJiDsTc7TYCLFd9+/WNkIqPTxiM/8pSd8VIrhXGTf1Ny1q1hquVqDJB5w==",
      "requires": {
        "domelementtype": "^2.3.0"
      }
    },
    "domutils": {
      "version": "3.0.1",
      "resolved": "https://yushunyun-npm.pkg.coding.net/ysc/npm/__tarballs/domutils/3.0.1/__path/domutils/-/domutils-3.0.1/696b3875238338cb186b6c0612bd4901c89a4f1c.tgz",
      "integrity": "sha512-z08c1l761iKhDFtfXO04C7kTdPBLi41zwOZl00WS8b5eiaebNpY00HKbztwBq+e3vyqWNwWF3mP9YLUeqIrF+Q==",
      "requires": {
        "dom-serializer": "^2.0.0",
        "domelementtype": "^2.3.0",
        "domhandler": "^5.0.1"
      }
    },
    "entities": {
      "version": "4.3.1",
      "resolved": "https://yushunyun-npm.pkg.coding.net/ysc/npm/entities/-/entities-4.3.1/c34062a94c865c322f9d67b4384e4169bcede6a4.tgz",
      "integrity": "sha512-o4q/dYJlmyjP2zfnaWDUC6A3BQFmVTX+tZPezK7k0GLSU9QYCauscf5Y+qcEPzKL+EixVouYDgLQK5H9GrLpkg=="
    },
    "fs-extra": {
      "version": "10.1.0",
      "resolved": "https://yushunyun-npm.pkg.coding.net/ysc/npm/fs-extra/-/fs-extra-10.1.0/02873cfbc4084dde127eaa5f9905eef2325d1abf.tgz",
      "integrity": "sha512-oRXApq54ETRj4eMiFzGnHWGy+zo5raudjuxN0b8H7s/RU2oW0Wvsx9O0ACRN/kRq9E8Vu/ReskGB5o3ji+FzHQ==",
      "requires": {
        "graceful-fs": "^4.2.0",
        "jsonfile": "^6.0.1",
        "universalify": "^2.0.0"
      }
    },
    "graceful-fs": {
      "version": "4.2.10",
      "resolved": "https://yushunyun-npm.pkg.coding.net/ysc/npm/graceful-fs/-/graceful-fs-4.2.10/147d3a006da4ca3ce14728c7aefc287c367d7a6c.tgz",
      "integrity": "sha512-9ByhssR2fPVsNZj478qUUbKfmL0+t5BDVyjShtyZZLiK7ZDAArFFfopyOTj0M05wE2tJPisA4iTnnXl2YoPvOA=="
    },
    "htmlparser2": {
      "version": "8.0.1",
      "resolved": "https://yushunyun-npm.pkg.coding.net/ysc/npm/__tarballs/htmlparser2/8.0.1/__path/htmlparser2/-/htmlparser2-8.0.1/abaa985474fcefe269bc761a779b544d7196d010.tgz",
      "integrity": "sha512-4lVbmc1diZC7GUJQtRQ5yBAeUCL1exyMwmForWkRLnwyzWBFxN633SALPMGYaWZvKe9j1pRZJpauvmxENSp/EA==",
      "requires": {
        "domelementtype": "^2.3.0",
        "domhandler": "^5.0.2",
        "domutils": "^3.0.1",
        "entities": "^4.3.0"
      }
    },
    "jsonfile": {
      "version": "6.1.0",
      "resolved": "https://yushunyun-npm.pkg.coding.net/ysc/npm/jsonfile/-/jsonfile-6.1.0/bc55b2634793c679ec6403094eb13698a6ec0aae.tgz",
      "integrity": "sha512-5dgndWOriYSm5cnYaJNhalLNDKOqFwyDB/rr1E9ZsGciGvKPs8R2xYGCacuf3z6K1YKDz182fd+fY3cn3pMqXQ==",
      "requires": {
        "graceful-fs": "^4.1.6",
        "universalify": "^2.0.0"
      }
    },
    "nth-check": {
      "version": "2.1.1",
      "resolved": "https://yushunyun-npm.pkg.coding.net/ysc/npm/nth-check/-/nth-check-2.1.1/c9eab428effce36cd6b92c924bdb000ef1f1ed1d.tgz",
      "integrity": "sha512-lqjrjmaOoAnWfMmBPL+XNnynZh2+swxiX3WUE0s4yEHI6m+AwrK2UZOimIRl3X/4QctVqS8AiZjFqyOGrMXb/w==",
      "requires": {
        "boolbase": "^1.0.0"
      }
    },
    "parse5": {
      "version": "7.0.0",
      "resolved": "https://yushunyun-npm.pkg.coding.net/ysc/npm/__tarballs/parse5/7.0.0/__path/parse5/-/parse5-7.0.0/51f74a5257f5fcc536389e8c2d0b3802e1bfa91a.tgz",
      "integrity": "sha512-y/t8IXSPWTuRZqXc0ajH/UwDj4mnqLEbSttNbThcFhGrZuOyoyvNBO85PBp2jQa55wY9d07PBNjsK8ZP3K5U6g==",
      "requires": {
        "entities": "^4.3.0"
      }
    },
    "parse5-htmlparser2-tree-adapter": {
      "version": "7.0.0",
      "resolved": "https://yushunyun-npm.pkg.coding.net/ysc/npm/__tarballs/parse5-htmlparser2-tree-adapter/7.0.0/__path/parse5-htmlparser2-tree-adapter/-/parse5-htmlparser2-tree-adapter-7.0.0/23c2cc233bcf09bb7beba8b8a69d46b08c62c2f1.tgz",
      "integrity": "sha512-B77tOZrqqfUfnVcOrUvfdLbz4pu4RopLD/4vmu3HUPswwTA8OH0EMW9BlWR2B0RCoiZRAHEUu7IxeP1Pd1UU+g==",
      "requires": {
        "domhandler": "^5.0.2",
        "parse5": "^7.0.0"
      }
    },
    "universalify": {
      "version": "2.0.0",
      "resolved": "https://yushunyun-npm.pkg.coding.net/ysc/npm/universalify/-/universalify-2.0.0/75a4984efedc4b08975c5aeb73f530d02df25717.tgz",
      "integrity": "sha512-hAZsKq7Yy11Zu1DE0OzWjw7nnLZmJZYTDZZyEFHZdUhV8FkH5MCfoU1XMaxXovpyW5nq5scPqq0ZDP9Zyl04oQ=="
    }
  }
}
